// !$*UTF8*$!
{
	archiveVersion = 1;
	classes = {
	};
	objectVersion = 55;
	objects = {

/* Begin PBXBuildFile section */
		1D2F6D0828A1F87700A14538 /* HomeRootView.swift in Sources */ = {isa = PBXBuildFile; fileRef = 1D2F6D0728A1F87700A14538 /* HomeRootView.swift */; };
		1DB96A9528A1EC2C00CEFA96 /* MoviesNetworkApp.swift in Sources */ = {isa = PBXBuildFile; fileRef = 1DB96A9428A1EC2C00CEFA96 /* MoviesNetworkApp.swift */; };
		1DB96A9728A1EC2C00CEFA96 /* HomeTabView.swift in Sources */ = {isa = PBXBuildFile; fileRef = 1DB96A9628A1EC2C00CEFA96 /* HomeTabView.swift */; };
		1DB96A9928A1EC2D00CEFA96 /* Assets.xcassets in Resources */ = {isa = PBXBuildFile; fileRef = 1DB96A9828A1EC2D00CEFA96 /* Assets.xcassets */; };
		1DB96A9C28A1EC2D00CEFA96 /* Preview Assets.xcassets in Resources */ = {isa = PBXBuildFile; fileRef = 1DB96A9B28A1EC2D00CEFA96 /* Preview Assets.xcassets */; };
		1DB96AA628A1EC2D00CEFA96 /* MoviesNetworkTests.swift in Sources */ = {isa = PBXBuildFile; fileRef = 1DB96AA528A1EC2D00CEFA96 /* MoviesNetworkTests.swift */; };
		1DB96AB028A1EC2D00CEFA96 /* MoviesNetworkUITests.swift in Sources */ = {isa = PBXBuildFile; fileRef = 1DB96AAF28A1EC2D00CEFA96 /* MoviesNetworkUITests.swift */; };
		1DB96AB228A1EC2D00CEFA96 /* MoviesNetworkUITestsLaunchTests.swift in Sources */ = {isa = PBXBuildFile; fileRef = 1DB96AB128A1EC2D00CEFA96 /* MoviesNetworkUITestsLaunchTests.swift */; };
/* End PBXBuildFile section */

/* Begin PBXContainerItemProxy section */
		1DB96AA228A1EC2D00CEFA96 /* PBXContainerItemProxy */ = {
			isa = PBXContainerItemProxy;
			containerPortal = 1DB96A4B28A1E7B800CEFA96 /* Project object */;
			proxyType = 1;
			remoteGlobalIDString = 1DB96A9128A1EC2B00CEFA96;
			remoteInfo = MoviesNetwork;
		};
		1DB96AAC28A1EC2D00CEFA96 /* PBXContainerItemProxy */ = {
			isa = PBXContainerItemProxy;
			containerPortal = 1DB96A4B28A1E7B800CEFA96 /* Project object */;
			proxyType = 1;
			remoteGlobalIDString = 1DB96A9128A1EC2B00CEFA96;
			remoteInfo = MoviesNetwork;
		};
/* End PBXContainerItemProxy section */

/* Begin PBXFileReference section */
		1D2F6D0728A1F87700A14538 /* HomeRootView.swift */ = {isa = PBXFileReference; lastKnownFileType = sourcecode.swift; path = HomeRootView.swift; sourceTree = "<group>"; };
		1DB96A9228A1EC2C00CEFA96 /* MoviesNetwork.app */ = {isa = PBXFileReference; explicitFileType = wrapper.application; includeInIndex = 0; path = MoviesNetwork.app; sourceTree = BUILT_PRODUCTS_DIR; };
		1DB96A9428A1EC2C00CEFA96 /* MoviesNetworkApp.swift */ = {isa = PBXFileReference; lastKnownFileType = sourcecode.swift; path = MoviesNetworkApp.swift; sourceTree = "<group>"; };
		1DB96A9628A1EC2C00CEFA96 /* HomeTabView.swift */ = {isa = PBXFileReference; lastKnownFileType = sourcecode.swift; path = HomeTabView.swift; sourceTree = "<group>"; };
		1DB96A9828A1EC2D00CEFA96 /* Assets.xcassets */ = {isa = PBXFileReference; lastKnownFileType = folder.assetcatalog; path = Assets.xcassets; sourceTree = "<group>"; };
		1DB96A9B28A1EC2D00CEFA96 /* Preview Assets.xcassets */ = {isa = PBXFileReference; lastKnownFileType = folder.assetcatalog; path = "Preview Assets.xcassets"; sourceTree = "<group>"; };
		1DB96AA128A1EC2D00CEFA96 /* MoviesNetworkTests.xctest */ = {isa = PBXFileReference; explicitFileType = wrapper.cfbundle; includeInIndex = 0; path = MoviesNetworkTests.xctest; sourceTree = BUILT_PRODUCTS_DIR; };
		1DB96AA528A1EC2D00CEFA96 /* MoviesNetworkTests.swift */ = {isa = PBXFileReference; lastKnownFileType = sourcecode.swift; path = MoviesNetworkTests.swift; sourceTree = "<group>"; };
		1DB96AAB28A1EC2D00CEFA96 /* MoviesNetworkUITests.xctest */ = {isa = PBXFileReference; explicitFileType = wrapper.cfbundle; includeInIndex = 0; path = MoviesNetworkUITests.xctest; sourceTree = BUILT_PRODUCTS_DIR; };
		1DB96AAF28A1EC2D00CEFA96 /* MoviesNetworkUITests.swift */ = {isa = PBXFileReference; lastKnownFileType = sourcecode.swift; path = MoviesNetworkUITests.swift; sourceTree = "<group>"; };
		1DB96AB128A1EC2D00CEFA96 /* MoviesNetworkUITestsLaunchTests.swift */ = {isa = PBXFileReference; lastKnownFileType = sourcecode.swift; path = MoviesNetworkUITestsLaunchTests.swift; sourceTree = "<group>"; };
/* End PBXFileReference section */

/* Begin PBXFrameworksBuildPhase section */
		1DB96A8F28A1EC2B00CEFA96 /* Frameworks */ = {
			isa = PBXFrameworksBuildPhase;
			buildActionMask = 2147483647;
			files = (
			);
			runOnlyForDeploymentPostprocessing = 0;
		};
		1DB96A9E28A1EC2D00CEFA96 /* Frameworks */ = {
			isa = PBXFrameworksBuildPhase;
			buildActionMask = 2147483647;
			files = (
			);
			runOnlyForDeploymentPostprocessing = 0;
		};
		1DB96AA828A1EC2D00CEFA96 /* Frameworks */ = {
			isa = PBXFrameworksBuildPhase;
			buildActionMask = 2147483647;
			files = (
			);
			runOnlyForDeploymentPostprocessing = 0;
		};
/* End PBXFrameworksBuildPhase section */

/* Begin PBXGroup section */
		1DB96A4A28A1E7B800CEFA96 = {
			isa = PBXGroup;
			children = (
				1DB96A9328A1EC2C00CEFA96 /* MoviesNetwork */,
				1DB96AA428A1EC2D00CEFA96 /* MoviesNetworkTests */,
				1DB96AAE28A1EC2D00CEFA96 /* MoviesNetworkUITests */,
				1DB96A5828A1E7BC00CEFA96 /* Products */,
			);
			sourceTree = "<group>";
		};
		1DB96A5828A1E7BC00CEFA96 /* Products */ = {
			isa = PBXGroup;
			children = (
				1DB96A9228A1EC2C00CEFA96 /* MoviesNetwork.app */,
				1DB96AA128A1EC2D00CEFA96 /* MoviesNetworkTests.xctest */,
				1DB96AAB28A1EC2D00CEFA96 /* MoviesNetworkUITests.xctest */,
			);
			name = Products;
			sourceTree = "<group>";
		};
		1DB96A9328A1EC2C00CEFA96 /* MoviesNetwork */ = {
			isa = PBXGroup;
			children = (
				1D2F6D0728A1F87700A14538 /* HomeRootView.swift */,
				1DB96A9428A1EC2C00CEFA96 /* MoviesNetworkApp.swift */,
				1DB96A9628A1EC2C00CEFA96 /* HomeTabView.swift */,
				1DB96A9828A1EC2D00CEFA96 /* Assets.xcassets */,
				1DB96A9A28A1EC2D00CEFA96 /* Preview Content */,
			);
			path = MoviesNetwork;
			sourceTree = "<group>";
		};
		1DB96A9A28A1EC2D00CEFA96 /* Preview Content */ = {
			isa = PBXGroup;
			children = (
				1DB96A9B28A1EC2D00CEFA96 /* Preview Assets.xcassets */,
			);
			path = "Preview Content";
			sourceTree = "<group>";
		};
		1DB96AA428A1EC2D00CEFA96 /* MoviesNetworkTests */ = {
			isa = PBXGroup;
			children = (
				1DB96AA528A1EC2D00CEFA96 /* MoviesNetworkTests.swift */,
			);
			path = MoviesNetworkTests;
			sourceTree = "<group>";
		};
		1DB96AAE28A1EC2D00CEFA96 /* MoviesNetworkUITests */ = {
			isa = PBXGroup;
			children = (
				1DB96AAF28A1EC2D00CEFA96 /* MoviesNetworkUITests.swift */,
				1DB96AB128A1EC2D00CEFA96 /* MoviesNetworkUITestsLaunchTests.swift */,
			);
			path = MoviesNetworkUITests;
			sourceTree = "<group>";
		};
/* End PBXGroup section */

/* Begin PBXNativeTarget section */
		1DB96A9128A1EC2B00CEFA96 /* MoviesNetwork */ = {
			isa = PBXNativeTarget;
			buildConfigurationList = 1DB96AB328A1EC2D00CEFA96 /* Build configuration list for PBXNativeTarget "MoviesNetwork" */;
			buildPhases = (
				1DB96A8E28A1EC2B00CEFA96 /* Sources */,
				1DB96A8F28A1EC2B00CEFA96 /* Frameworks */,
				1DB96A9028A1EC2B00CEFA96 /* Resources */,
			);
			buildRules = (
			);
			dependencies = (
			);
			name = MoviesNetwork;
			productName = MoviesNetwork;
			productReference = 1DB96A9228A1EC2C00CEFA96 /* MoviesNetwork.app */;
			productType = "com.apple.product-type.application";
		};
		1DB96AA028A1EC2D00CEFA96 /* MoviesNetworkTests */ = {
			isa = PBXNativeTarget;
			buildConfigurationList = 1DB96AB628A1EC2D00CEFA96 /* Build configuration list for PBXNativeTarget "MoviesNetworkTests" */;
			buildPhases = (
				1DB96A9D28A1EC2D00CEFA96 /* Sources */,
				1DB96A9E28A1EC2D00CEFA96 /* Frameworks */,
				1DB96A9F28A1EC2D00CEFA96 /* Resources */,
			);
			buildRules = (
			);
			dependencies = (
				1DB96AA328A1EC2D00CEFA96 /* PBXTargetDependency */,
			);
			name = MoviesNetworkTests;
			productName = MoviesNetworkTests;
			productReference = 1DB96AA128A1EC2D00CEFA96 /* MoviesNetworkTests.xctest */;
			productType = "com.apple.product-type.bundle.unit-test";
		};
		1DB96AAA28A1EC2D00CEFA96 /* MoviesNetworkUITests */ = {
			isa = PBXNativeTarget;
			buildConfigurationList = 1DB96AB928A1EC2D00CEFA96 /* Build configuration list for PBXNativeTarget "MoviesNetworkUITests" */;
			buildPhases = (
				1DB96AA728A1EC2D00CEFA96 /* Sources */,
				1DB96AA828A1EC2D00CEFA96 /* Frameworks */,
				1DB96AA928A1EC2D00CEFA96 /* Resources */,
			);
			buildRules = (
			);
			dependencies = (
				1DB96AAD28A1EC2D00CEFA96 /* PBXTargetDependency */,
			);
			name = MoviesNetworkUITests;
			productName = MoviesNetworkUITests;
			productReference = 1DB96AAB28A1EC2D00CEFA96 /* MoviesNetworkUITests.xctest */;
			productType = "com.apple.product-type.bundle.ui-testing";
		};
/* End PBXNativeTarget section */

/* Begin PBXProject section */
		1DB96A4B28A1E7B800CEFA96 /* Project object */ = {
			isa = PBXProject;
			attributes = {
				BuildIndependentTargetsInParallel = 1;
				LastSwiftUpdateCheck = 1340;
				LastUpgradeCheck = 1340;
				TargetAttributes = {
					1DB96A9128A1EC2B00CEFA96 = {
						CreatedOnToolsVersion = 13.4.1;
					};
					1DB96AA028A1EC2D00CEFA96 = {
						CreatedOnToolsVersion = 13.4.1;
						TestTargetID = 1DB96A9128A1EC2B00CEFA96;
					};
					1DB96AAA28A1EC2D00CEFA96 = {
						CreatedOnToolsVersion = 13.4.1;
						TestTargetID = 1DB96A9128A1EC2B00CEFA96;
					};
				};
			};
			buildConfigurationList = 1DB96A4E28A1E7B800CEFA96 /* Build configuration list for PBXProject "MoviesNetwork" */;
			compatibilityVersion = "Xcode 13.0";
			developmentRegion = en;
			hasScannedForEncodings = 0;
			knownRegions = (
				en,
				Base,
			);
			mainGroup = 1DB96A4A28A1E7B800CEFA96;
			productRefGroup = 1DB96A5828A1E7BC00CEFA96 /* Products */;
			projectDirPath = "";
			projectRoot = "";
			targets = (
				1DB96A9128A1EC2B00CEFA96 /* MoviesNetwork */,
				1DB96AA028A1EC2D00CEFA96 /* MoviesNetworkTests */,
				1DB96AAA28A1EC2D00CEFA96 /* MoviesNetworkUITests */,
			);
		};
/* End PBXProject section */

/* Begin PBXResourcesBuildPhase section */
		1DB96A9028A1EC2B00CEFA96 /* Resources */ = {
			isa = PBXResourcesBuildPhase;
			buildActionMask = 2147483647;
			files = (
				1DB96A9C28A1EC2D00CEFA96 /* Preview Assets.xcassets in Resources */,
				1DB96A9928A1EC2D00CEFA96 /* Assets.xcassets in Resources */,
			);
			runOnlyForDeploymentPostprocessing = 0;
		};
		1DB96A9F28A1EC2D00CEFA96 /* Resources */ = {
			isa = PBXResourcesBuildPhase;
			buildActionMask = 2147483647;
			files = (
			);
			runOnlyForDeploymentPostprocessing = 0;
		};
		1DB96AA928A1EC2D00CEFA96 /* Resources */ = {
			isa = PBXResourcesBuildPhase;
			buildActionMask = 2147483647;
			files = (
			);
			runOnlyForDeploymentPostprocessing = 0;
		};
/* End PBXResourcesBuildPhase section */

/* Begin PBXSourcesBuildPhase section */
		1DB96A8E28A1EC2B00CEFA96 /* Sources */ = {
			isa = PBXSourcesBuildPhase;
			buildActionMask = 2147483647;
			files = (
				1DB96A9728A1EC2C00CEFA96 /* HomeTabView.swift in Sources */,
				1DB96A9528A1EC2C00CEFA96 /* MoviesNetworkApp.swift in Sources */,
				1D2F6D0828A1F87700A14538 /* HomeRootView.swift in Sources */,
			);
			runOnlyForDeploymentPostprocessing = 0;
		};
		1DB96A9D28A1EC2D00CEFA96 /* Sources */ = {
			isa = PBXSourcesBuildPhase;
			buildActionMask = 2147483647;
			files = (
				1DB96AA628A1EC2D00CEFA96 /* MoviesNetworkTests.swift in Sources */,
			);
			runOnlyForDeploymentPostprocessing = 0;
		};
		1DB96AA728A1EC2D00CEFA96 /* Sources */ = {
			isa = PBXSourcesBuildPhase;
			buildActionMask = 2147483647;
			files = (
				1DB96AB228A1EC2D00CEFA96 /* MoviesNetworkUITestsLaunchTests.swift in Sources */,
				1DB96AB028A1EC2D00CEFA96 /* MoviesNetworkUITests.swift in Sources */,
			);
			runOnlyForDeploymentPostprocessing = 0;
		};
/* End PBXSourcesBuildPhase section */

/* Begin PBXTargetDependency section */
		1DB96AA328A1EC2D00CEFA96 /* PBXTargetDependency */ = {
			isa = PBXTargetDependency;
			target = 1DB96A9128A1EC2B00CEFA96 /* MoviesNetwork */;
			targetProxy = 1DB96AA228A1EC2D00CEFA96 /* PBXContainerItemProxy */;
		};
		1DB96AAD28A1EC2D00CEFA96 /* PBXTargetDependency */ = {
			isa = PBXTargetDependency;
			target = 1DB96A9128A1EC2B00CEFA96 /* MoviesNetwork */;
			targetProxy = 1DB96AAC28A1EC2D00CEFA96 /* PBXContainerItemProxy */;
		};
/* End PBXTargetDependency section */

/* Begin XCBuildConfiguration section */
		1D2F6D0928A1FF4100A14538 /* Testing */ = {
			isa = XCBuildConfiguration;
			buildSettings = {
				ALWAYS_SEARCH_USER_PATHS = NO;
				CLANG_ANALYZER_NONNULL = YES;
				CLANG_ANALYZER_NUMBER_OBJECT_CONVERSION = YES_AGGRESSIVE;
				CLANG_CXX_LANGUAGE_STANDARD = "gnu++17";
				CLANG_ENABLE_MODULES = YES;
				CLANG_ENABLE_OBJC_ARC = YES;
				CLANG_ENABLE_OBJC_WEAK = YES;
				CLANG_WARN_BLOCK_CAPTURE_AUTORELEASING = YES;
				CLANG_WARN_BOOL_CONVERSION = YES;
				CLANG_WARN_COMMA = YES;
				CLANG_WARN_CONSTANT_CONVERSION = YES;
				CLANG_WARN_DEPRECATED_OBJC_IMPLEMENTATIONS = YES;
				CLANG_WARN_DIRECT_OBJC_ISA_USAGE = YES_ERROR;
				CLANG_WARN_DOCUMENTATION_COMMENTS = YES;
				CLANG_WARN_EMPTY_BODY = YES;
				CLANG_WARN_ENUM_CONVERSION = YES;
				CLANG_WARN_INFINITE_RECURSION = YES;
				CLANG_WARN_INT_CONVERSION = YES;
				CLANG_WARN_NON_LITERAL_NULL_CONVERSION = YES;
				CLANG_WARN_OBJC_IMPLICIT_RETAIN_SELF = YES;
				CLANG_WARN_OBJC_LITERAL_CONVERSION = YES;
				CLANG_WARN_OBJC_ROOT_CLASS = YES_ERROR;
				CLANG_WARN_QUOTED_INCLUDE_IN_FRAMEWORK_HEADER = YES;
				CLANG_WARN_RANGE_LOOP_ANALYSIS = YES;
				CLANG_WARN_STRICT_PROTOTYPES = YES;
				CLANG_WARN_SUSPICIOUS_MOVE = YES;
				CLANG_WARN_UNGUARDED_AVAILABILITY = YES_AGGRESSIVE;
				CLANG_WARN_UNREACHABLE_CODE = YES;
				CLANG_WARN__DUPLICATE_METHOD_MATCH = YES;
				COPY_PHASE_STRIP = NO;
				DEBUG_INFORMATION_FORMAT = dwarf;
				ENABLE_STRICT_OBJC_MSGSEND = YES;
				ENABLE_TESTABILITY = YES;
				GCC_C_LANGUAGE_STANDARD = gnu11;
				GCC_DYNAMIC_NO_PIC = NO;
				GCC_NO_COMMON_BLOCKS = YES;
				GCC_OPTIMIZATION_LEVEL = 0;
				GCC_PREPROCESSOR_DEFINITIONS = (
					"DEBUG=1",
					"$(inherited)",
				);
				GCC_WARN_64_TO_32_BIT_CONVERSION = YES;
				GCC_WARN_ABOUT_RETURN_TYPE = YES_ERROR;
				GCC_WARN_UNDECLARED_SELECTOR = YES;
				GCC_WARN_UNINITIALIZED_AUTOS = YES_AGGRESSIVE;
				GCC_WARN_UNUSED_FUNCTION = YES;
				GCC_WARN_UNUSED_VARIABLE = YES;
				MTL_ENABLE_DEBUG_INFO = INCLUDE_SOURCE;
				MTL_FAST_MATH = YES;
				ONLY_ACTIVE_ARCH = YES;
				SWIFT_ACTIVE_COMPILATION_CONDITIONS = TESTING;
				SWIFT_OPTIMIZATION_LEVEL = "-Onone";
			};
			name = Testing;
		};
		1D2F6D0A28A1FF4100A14538 /* Testing */ = {
			isa = XCBuildConfiguration;
			buildSettings = {
				ASSETCATALOG_COMPILER_APPICON_NAME = AppIcon;
				ASSETCATALOG_COMPILER_GLOBAL_ACCENT_COLOR_NAME = AccentColor;
				CODE_SIGN_STYLE = Automatic;
				CURRENT_PROJECT_VERSION = 1;
				DEVELOPMENT_ASSET_PATHS = "\"MoviesNetwork/Preview Content\"";
				DEVELOPMENT_TEAM = 97WB89LRXA;
				ENABLE_PREVIEWS = YES;
				GENERATE_INFOPLIST_FILE = YES;
				INFOPLIST_KEY_UIApplicationSceneManifest_Generation = YES;
				INFOPLIST_KEY_UIApplicationSupportsIndirectInputEvents = YES;
				INFOPLIST_KEY_UILaunchScreen_Generation = YES;
				INFOPLIST_KEY_UISupportedInterfaceOrientations_iPad = "UIInterfaceOrientationPortrait UIInterfaceOrientationPortraitUpsideDown UIInterfaceOrientationLandscapeLeft UIInterfaceOrientationLandscapeRight";
				INFOPLIST_KEY_UISupportedInterfaceOrientations_iPhone = "UIInterfaceOrientationPortrait UIInterfaceOrientationLandscapeLeft UIInterfaceOrientationLandscapeRight";
				IPHONEOS_DEPLOYMENT_TARGET = 15.2;
				LD_RUNPATH_SEARCH_PATHS = (
					"$(inherited)",
					"@executable_path/Frameworks",
				);
				MARKETING_VERSION = 1.0;
				PRODUCT_BUNDLE_IDENTIFIER = com.robsonJames.MoviesNetwork;
				PRODUCT_NAME = "$(TARGET_NAME)";
				SDKROOT = iphoneos;
				SWIFT_EMIT_LOC_STRINGS = YES;
				SWIFT_VERSION = 5.0;
				TARGETED_DEVICE_FAMILY = 1;
			};
			name = Testing;
		};
		1D2F6D0B28A1FF4100A14538 /* Testing */ = {
			isa = XCBuildConfiguration;
			buildSettings = {
				ALWAYS_EMBED_SWIFT_STANDARD_LIBRARIES = YES;
				BUNDLE_LOADER = "$(TEST_HOST)";
				CODE_SIGN_STYLE = Automatic;
				CURRENT_PROJECT_VERSION = 1;
				DEVELOPMENT_TEAM = 97WB89LRXA;
				GENERATE_INFOPLIST_FILE = YES;
				IPHONEOS_DEPLOYMENT_TARGET = 15.2;
				MARKETING_VERSION = 1.0;
				PRODUCT_BUNDLE_IDENTIFIER = com.robsonJames.MoviesNetworkTests;
				PRODUCT_NAME = "$(TARGET_NAME)";
				SDKROOT = iphoneos;
				SWIFT_EMIT_LOC_STRINGS = NO;
				SWIFT_VERSION = 5.0;
				TARGETED_DEVICE_FAMILY = "1,2";
				TEST_HOST = "$(BUILT_PRODUCTS_DIR)/MoviesNetwork.app/MoviesNetwork";
			};
			name = Testing;
		};
		1D2F6D0C28A1FF4100A14538 /* Testing */ = {
			isa = XCBuildConfiguration;
			buildSettings = {
				ALWAYS_EMBED_SWIFT_STANDARD_LIBRARIES = YES;
				CODE_SIGN_STYLE = Automatic;
				CURRENT_PROJECT_VERSION = 1;
				DEVELOPMENT_TEAM = 97WB89LRXA;
				GENERATE_INFOPLIST_FILE = YES;
				IPHONEOS_DEPLOYMENT_TARGET = 15.2;
				MARKETING_VERSION = 1.0;
				PRODUCT_BUNDLE_IDENTIFIER = com.robsonJames.MoviesNetworkUITests;
				PRODUCT_NAME = "$(TARGET_NAME)";
				SDKROOT = iphoneos;
				SWIFT_EMIT_LOC_STRINGS = NO;
				SWIFT_VERSION = 5.0;
				TARGETED_DEVICE_FAMILY = "1,2";
				TEST_TARGET_NAME = MoviesNetwork;
			};
			name = Testing;
		};
		1DB96A7E28A1E7BC00CEFA96 /* Debug */ = {
			isa = XCBuildConfiguration;
			buildSettings = {
				ALWAYS_SEARCH_USER_PATHS = NO;
				CLANG_ANALYZER_NONNULL = YES;
				CLANG_ANALYZER_NUMBER_OBJECT_CONVERSION = YES_AGGRESSIVE;
				CLANG_CXX_LANGUAGE_STANDARD = "gnu++17";
				CLANG_ENABLE_MODULES = YES;
				CLANG_ENABLE_OBJC_ARC = YES;
				CLANG_ENABLE_OBJC_WEAK = YES;
				CLANG_WARN_BLOCK_CAPTURE_AUTORELEASING = YES;
				CLANG_WARN_BOOL_CONVERSION = YES;
				CLANG_WARN_COMMA = YES;
				CLANG_WARN_CONSTANT_CONVERSION = YES;
				CLANG_WARN_DEPRECATED_OBJC_IMPLEMENTATIONS = YES;
				CLANG_WARN_DIRECT_OBJC_ISA_USAGE = YES_ERROR;
				CLANG_WARN_DOCUMENTATION_COMMENTS = YES;
				CLANG_WARN_EMPTY_BODY = YES;
				CLANG_WARN_ENUM_CONVERSION = YES;
				CLANG_WARN_INFINITE_RECURSION = YES;
				CLANG_WARN_INT_CONVERSION = YES;
				CLANG_WARN_NON_LITERAL_NULL_CONVERSION = YES;
				CLANG_WARN_OBJC_IMPLICIT_RETAIN_SELF = YES;
				CLANG_WARN_OBJC_LITERAL_CONVERSION = YES;
				CLANG_WARN_OBJC_ROOT_CLASS = YES_ERROR;
				CLANG_WARN_QUOTED_INCLUDE_IN_FRAMEWORK_HEADER = YES;
				CLANG_WARN_RANGE_LOOP_ANALYSIS = YES;
				CLANG_WARN_STRICT_PROTOTYPES = YES;
				CLANG_WARN_SUSPICIOUS_MOVE = YES;
				CLANG_WARN_UNGUARDED_AVAILABILITY = YES_AGGRESSIVE;
				CLANG_WARN_UNREACHABLE_CODE = YES;
				CLANG_WARN__DUPLICATE_METHOD_MATCH = YES;
				COPY_PHASE_STRIP = NO;
				DEBUG_INFORMATION_FORMAT = dwarf;
				ENABLE_STRICT_OBJC_MSGSEND = YES;
				ENABLE_TESTABILITY = YES;
				GCC_C_LANGUAGE_STANDARD = gnu11;
				GCC_DYNAMIC_NO_PIC = NO;
				GCC_NO_COMMON_BLOCKS = YES;
				GCC_OPTIMIZATION_LEVEL = 0;
				GCC_PREPROCESSOR_DEFINITIONS = (
					"DEBUG=1",
					"$(inherited)",
				);
				GCC_WARN_64_TO_32_BIT_CONVERSION = YES;
				GCC_WARN_ABOUT_RETURN_TYPE = YES_ERROR;
				GCC_WARN_UNDECLARED_SELECTOR = YES;
				GCC_WARN_UNINITIALIZED_AUTOS = YES_AGGRESSIVE;
				GCC_WARN_UNUSED_FUNCTION = YES;
				GCC_WARN_UNUSED_VARIABLE = YES;
				MTL_ENABLE_DEBUG_INFO = INCLUDE_SOURCE;
				MTL_FAST_MATH = YES;
				ONLY_ACTIVE_ARCH = YES;
				SWIFT_ACTIVE_COMPILATION_CONDITIONS = DEBUG;
				SWIFT_OPTIMIZATION_LEVEL = "-Onone";
			};
			name = Debug;
		};
		1DB96A7F28A1E7BC00CEFA96 /* Release */ = {
			isa = XCBuildConfiguration;
			buildSettings = {
				ALWAYS_SEARCH_USER_PATHS = NO;
				CLANG_ANALYZER_NONNULL = YES;
				CLANG_ANALYZER_NUMBER_OBJECT_CONVERSION = YES_AGGRESSIVE;
				CLANG_CXX_LANGUAGE_STANDARD = "gnu++17";
				CLANG_ENABLE_MODULES = YES;
				CLANG_ENABLE_OBJC_ARC = YES;
				CLANG_ENABLE_OBJC_WEAK = YES;
				CLANG_WARN_BLOCK_CAPTURE_AUTORELEASING = YES;
				CLANG_WARN_BOOL_CONVERSION = YES;
				CLANG_WARN_COMMA = YES;
				CLANG_WARN_CONSTANT_CONVERSION = YES;
				CLANG_WARN_DEPRECATED_OBJC_IMPLEMENTATIONS = YES;
				CLANG_WARN_DIRECT_OBJC_ISA_USAGE = YES_ERROR;
				CLANG_WARN_DOCUMENTATION_COMMENTS = YES;
				CLANG_WARN_EMPTY_BODY = YES;
				CLANG_WARN_ENUM_CONVERSION = YES;
				CLANG_WARN_INFINITE_RECURSION = YES;
				CLANG_WARN_INT_CONVERSION = YES;
				CLANG_WARN_NON_LITERAL_NULL_CONVERSION = YES;
				CLANG_WARN_OBJC_IMPLICIT_RETAIN_SELF = YES;
				CLANG_WARN_OBJC_LITERAL_CONVERSION = YES;
				CLANG_WARN_OBJC_ROOT_CLASS = YES_ERROR;
				CLANG_WARN_QUOTED_INCLUDE_IN_FRAMEWORK_HEADER = YES;
				CLANG_WARN_RANGE_LOOP_ANALYSIS = YES;
				CLANG_WARN_STRICT_PROTOTYPES = YES;
				CLANG_WARN_SUSPICIOUS_MOVE = YES;
				CLANG_WARN_UNGUARDED_AVAILABILITY = YES_AGGRESSIVE;
				CLANG_WARN_UNREACHABLE_CODE = YES;
				CLANG_WARN__DUPLICATE_METHOD_MATCH = YES;
				COPY_PHASE_STRIP = NO;
				DEBUG_INFORMATION_FORMAT = "dwarf-with-dsym";
				ENABLE_NS_ASSERTIONS = NO;
				ENABLE_STRICT_OBJC_MSGSEND = YES;
				GCC_C_LANGUAGE_STANDARD = gnu11;
				GCC_NO_COMMON_BLOCKS = YES;
				GCC_WARN_64_TO_32_BIT_CONVERSION = YES;
				GCC_WARN_ABOUT_RETURN_TYPE = YES_ERROR;
				GCC_WARN_UNDECLARED_SELECTOR = YES;
				GCC_WARN_UNINITIALIZED_AUTOS = YES_AGGRESSIVE;
				GCC_WARN_UNUSED_FUNCTION = YES;
				GCC_WARN_UNUSED_VARIABLE = YES;
				MTL_ENABLE_DEBUG_INFO = NO;
				MTL_FAST_MATH = YES;
				SWIFT_COMPILATION_MODE = wholemodule;
				SWIFT_OPTIMIZATION_LEVEL = "-O";
			};
			name = Release;
		};
		1DB96AB428A1EC2D00CEFA96 /* Debug */ = {
			isa = XCBuildConfiguration;
			buildSettings = {
				ASSETCATALOG_COMPILER_APPICON_NAME = AppIcon;
				ASSETCATALOG_COMPILER_GLOBAL_ACCENT_COLOR_NAME = AccentColor;
				CODE_SIGN_STYLE = Automatic;
				CURRENT_PROJECT_VERSION = 1;
				DEVELOPMENT_ASSET_PATHS = "\"MoviesNetwork/Preview Content\"";
				DEVELOPMENT_TEAM = 97WB89LRXA;
				ENABLE_PREVIEWS = YES;
				GENERATE_INFOPLIST_FILE = YES;
				INFOPLIST_KEY_UIApplicationSceneManifest_Generation = YES;
				INFOPLIST_KEY_UIApplicationSupportsIndirectInputEvents = YES;
				INFOPLIST_KEY_UILaunchScreen_Generation = YES;
				INFOPLIST_KEY_UISupportedInterfaceOrientations_iPad = "UIInterfaceOrientationPortrait UIInterfaceOrientationPortraitUpsideDown UIInterfaceOrientationLandscapeLeft UIInterfaceOrientationLandscapeRight";
				INFOPLIST_KEY_UISupportedInterfaceOrientations_iPhone = "UIInterfaceOrientationPortrait UIInterfaceOrientationLandscapeLeft UIInterfaceOrientationLandscapeRight";
				IPHONEOS_DEPLOYMENT_TARGET = 15.2;
				LD_RUNPATH_SEARCH_PATHS = (
					"$(inherited)",
					"@executable_path/Frameworks",
				);
				MARKETING_VERSION = 1.0;
				PRODUCT_BUNDLE_IDENTIFIER = com.robsonJames.MoviesNetwork;
				PRODUCT_NAME = "$(TARGET_NAME)";
				SDKROOT = iphoneos;
				SWIFT_EMIT_LOC_STRINGS = YES;
				SWIFT_VERSION = 5.0;
				TARGETED_DEVICE_FAMILY = 1;
			};
			name = Debug;
		};
		1DB96AB528A1EC2D00CEFA96 /* Release */ = {
			isa = XCBuildConfiguration;
			buildSettings = {
				ASSETCATALOG_COMPILER_APPICON_NAME = AppIcon;
				ASSETCATALOG_COMPILER_GLOBAL_ACCENT_COLOR_NAME = AccentColor;
				CODE_SIGN_STYLE = Automatic;
				CURRENT_PROJECT_VERSION = 1;
				DEVELOPMENT_ASSET_PATHS = "\"MoviesNetwork/Preview Content\"";
				DEVELOPMENT_TEAM = 97WB89LRXA;
				ENABLE_PREVIEWS = YES;
				GENERATE_INFOPLIST_FILE = YES;
				INFOPLIST_KEY_UIApplicationSceneManifest_Generation = YES;
				INFOPLIST_KEY_UIApplicationSupportsIndirectInputEvents = YES;
				INFOPLIST_KEY_UILaunchScreen_Generation = YES;
				INFOPLIST_KEY_UISupportedInterfaceOrientations_iPad = "UIInterfaceOrientationPortrait UIInterfaceOrientationPortraitUpsideDown UIInterfaceOrientationLandscapeLeft UIInterfaceOrientationLandscapeRight";
				INFOPLIST_KEY_UISupportedInterfaceOrientations_iPhone = "UIInterfaceOrientationPortrait UIInterfaceOrientationLandscapeLeft UIInterfaceOrientationLandscapeRight";
				IPHONEOS_DEPLOYMENT_TARGET = 15.2;
				LD_RUNPATH_SEARCH_PATHS = (
					"$(inherited)",
					"@executable_path/Frameworks",
				);
				MARKETING_VERSION = 1.0;
				PRODUCT_BUNDLE_IDENTIFIER = com.robsonJames.MoviesNetwork;
				PRODUCT_NAME = "$(TARGET_NAME)";
				SDKROOT = iphoneos;
				SWIFT_EMIT_LOC_STRINGS = YES;
				SWIFT_VERSION = 5.0;
				TARGETED_DEVICE_FAMILY = 1;
				VALIDATE_PRODUCT = YES;
			};
			name = Release;
		};
		1DB96AB728A1EC2D00CEFA96 /* Debug */ = {
			isa = XCBuildConfiguration;
			buildSettings = {
				ALWAYS_EMBED_SWIFT_STANDARD_LIBRARIES = YES;
				BUNDLE_LOADER = "$(TEST_HOST)";
				CODE_SIGN_STYLE = Automatic;
				CURRENT_PROJECT_VERSION = 1;
				DEVELOPMENT_TEAM = 97WB89LRXA;
				GENERATE_INFOPLIST_FILE = YES;
				IPHONEOS_DEPLOYMENT_TARGET = 15.2;
				MARKETING_VERSION = 1.0;
				PRODUCT_BUNDLE_IDENTIFIER = com.robsonJames.MoviesNetworkTests;
				PRODUCT_NAME = "$(TARGET_NAME)";
				SDKROOT = iphoneos;
				SWIFT_EMIT_LOC_STRINGS = NO;
				SWIFT_VERSION = 5.0;
				TARGETED_DEVICE_FAMILY = "1,2";
				TEST_HOST = "$(BUILT_PRODUCTS_DIR)/MoviesNetwork.app/MoviesNetwork";
			};
			name = Debug;
		};
		1DB96AB828A1EC2D00CEFA96 /* Release */ = {
			isa = XCBuildConfiguration;
			buildSettings = {
				ALWAYS_EMBED_SWIFT_STANDARD_LIBRARIES = YES;
				BUNDLE_LOADER = "$(TEST_HOST)";
				CODE_SIGN_STYLE = Automatic;
				CURRENT_PROJECT_VERSION = 1;
				DEVELOPMENT_TEAM = 97WB89LRXA;
				GENERATE_INFOPLIST_FILE = YES;
				IPHONEOS_DEPLOYMENT_TARGET = 15.2;
				MARKETING_VERSION = 1.0;
				PRODUCT_BUNDLE_IDENTIFIER = com.robsonJames.MoviesNetworkTests;
				PRODUCT_NAME = "$(TARGET_NAME)";
				SDKROOT = iphoneos;
				SWIFT_EMIT_LOC_STRINGS = NO;
				SWIFT_VERSION = 5.0;
				TARGETED_DEVICE_FAMILY = "1,2";
				TEST_HOST = "$(BUILT_PRODUCTS_DIR)/MoviesNetwork.app/MoviesNetwork";
				VALIDATE_PRODUCT = YES;
			};
			name = Release;
		};
		1DB96ABA28A1EC2D00CEFA96 /* Debug */ = {
			isa = XCBuildConfiguration;
			buildSettings = {
				ALWAYS_EMBED_SWIFT_STANDARD_LIBRARIES = YES;
				CODE_SIGN_STYLE = Automatic;
				CURRENT_PROJECT_VERSION = 1;
				DEVELOPMENT_TEAM = 97WB89LRXA;
				GENERATE_INFOPLIST_FILE = YES;
				IPHONEOS_DEPLOYMENT_TARGET = 15.2;
				MARKETING_VERSION = 1.0;
				PRODUCT_BUNDLE_IDENTIFIER = com.robsonJames.MoviesNetworkUITests;
				PRODUCT_NAME = "$(TARGET_NAME)";
				SDKROOT = iphoneos;
				SWIFT_EMIT_LOC_STRINGS = NO;
				SWIFT_VERSION = 5.0;
				TARGETED_DEVICE_FAMILY = "1,2";
				TEST_TARGET_NAME = MoviesNetwork;
			};
			name = Debug;
		};
		1DB96ABB28A1EC2D00CEFA96 /* Release */ = {
			isa = XCBuildConfiguration;
			buildSettings = {
				ALWAYS_EMBED_SWIFT_STANDARD_LIBRARIES = YES;
				CODE_SIGN_STYLE = Automatic;
				CURRENT_PROJECT_VERSION = 1;
				DEVELOPMENT_TEAM = 97WB89LRXA;
				GENERATE_INFOPLIST_FILE = YES;
				IPHONEOS_DEPLOYMENT_TARGET = 15.2;
				MARKETING_VERSION = 1.0;
				PRODUCT_BUNDLE_IDENTIFIER = com.robsonJames.MoviesNetworkUITests;
				PRODUCT_NAME = "$(TARGET_NAME)";
				SDKROOT = iphoneos;
				SWIFT_EMIT_LOC_STRINGS = NO;
				SWIFT_VERSION = 5.0;
				TARGETED_DEVICE_FAMILY = "1,2";
				TEST_TARGET_NAME = MoviesNetwork;
				VALIDATE_PRODUCT = YES;
			};
			name = Release;
		};
/* End XCBuildConfiguration section */

/* Begin XCConfigurationList section */
		1DB96A4E28A1E7B800CEFA96 /* Build configuration list for PBXProject "MoviesNetwork" */ = {
			isa = XCConfigurationList;
			buildConfigurations = (
				1DB96A7E28A1E7BC00CEFA96 /* Debug */,
				1D2F6D0928A1FF4100A14538 /* Testing */,
				1DB96A7F28A1E7BC00CEFA96 /* Release */,
			);
			defaultConfigurationIsVisible = 0;
			defaultConfigurationName = Release;
		};
		1DB96AB328A1EC2D00CEFA96 /* Build configuration list for PBXNativeTarget "MoviesNetwork" */ = {
			isa = XCConfigurationList;
			buildConfigurations = (
				1DB96AB428A1EC2D00CEFA96 /* Debug */,
				1D2F6D0A28A1FF4100A14538 /* Testing */,
				1DB96AB528A1EC2D00CEFA96 /* Release */,
			);
			defaultConfigurationIsVisible = 0;
			defaultConfigurationName = Release;
		};
		1DB96AB628A1EC2D00CEFA96 /* Build configuration list for PBXNativeTarget "MoviesNetworkTests" */ = {
			isa = XCConfigurationList;
			buildConfigurations = (
				1DB96AB728A1EC2D00CEFA96 /* Debug */,
				1D2F6D0B28A1FF4100A14538 /* Testing */,
				1DB96AB828A1EC2D00CEFA96 /* Release */,
			);
			defaultConfigurationIsVisible = 0;
			defaultConfigurationName = Release;
		};
		1DB96AB928A1EC2D00CEFA96 /* Build configuration list for PBXNativeTarget "MoviesNetworkUITests" */ = {
			isa = XCConfigurationList;
			buildConfigurations = (
				1DB96ABA28A1EC2D00CEFA96 /* Debug */,
				1D2F6D0C28A1FF4100A14538 /* Testing */,
				1DB96ABB28A1EC2D00CEFA96 /* Release */,
			);
			defaultConfigurationIsVisible = 0;
			defaultConfigurationName = Release;
		};
/* End XCConfigurationList section */
	};
	rootObject = 1DB96A4B28A1E7B800CEFA96 /* Project object */;
}
